
Microsoft Visual Studio Solution File, Format Version 12.00
# Visual Studio Version 16
VisualStudioVersion = 16.0.31105.61
MinimumVisualStudioVersion = 10.0.40219.1
Project("{9A19103F-16F7-4668-BE54-9A1E7A4F7556}") = "ProjectList", "ProjectList\ProjectList.csproj", "{0C3E3529-4B93-4768-87FF-C01CF4633147}"
EndProject
Project("{9A19103F-16F7-4668-BE54-9A1E7A4F7556}") = "AzDOOrganizationData", "AzDOOrganizationData\AzDOOrganizationData.csproj", "{476F6E78-0AB2-44D1-A143-CC8253C34CA3}"
EndProject
Project("{2150E333-8FDC-42A3-9474-1A3956D46DE8}") = "Data", "Data", "{D1044167-405B-4D7B-8B91-50062F038423}"
EndProject
Project("{9A19103F-16F7-4668-BE54-9A1E7A4F7556}") = "AzDOOrganizationData.Model", "AzDOOrganizationData.Model\AzDOOrganizationData.Model.csproj", "{2C4CD129-F73A-4908-8E4B-D069AB177785}"
EndProject
Project("{2150E333-8FDC-42A3-9474-1A3956D46DE8}") = "Reporting", "Reporting", "{383BE027-5AE0-4B56-A52D-7D8893331410}"
EndProject
Project("{FAE04EC0-301F-11D3-BF4B-00C04F79EFBC}") = "AzDO.Controller", "AzDO.Controller\AzDO.Controller.csproj", "{26F532D0-2661-4DFD-A3A0-704754073508}"
EndProject
Global
	GlobalSection(SolutionConfigurationPlatforms) = preSolution
		Debug|Any CPU = Debug|Any CPU
		Release|Any CPU = Release|Any CPU
	EndGlobalSection
	GlobalSection(ProjectConfigurationPlatforms) = postSolution
		{0C3E3529-4B93-4768-87FF-C01CF4633147}.Debug|Any CPU.ActiveCfg = Debug|Any CPU
		{0C3E3529-4B93-4768-87FF-C01CF4633147}.Debug|Any CPU.Build.0 = Debug|Any CPU
		{0C3E3529-4B93-4768-87FF-C01CF4633147}.Release|Any CPU.ActiveCfg = Release|Any CPU
		{0C3E3529-4B93-4768-87FF-C01CF4633147}.Release|Any CPU.Build.0 = Release|Any CPU
		{476F6E78-0AB2-44D1-A143-CC8253C34CA3}.Debug|Any CPU.ActiveCfg = Debug|Any CPU
		{476F6E78-0AB2-44D1-A143-CC8253C34CA3}.Debug|Any CPU.Build.0 = Debug|Any CPU
		{476F6E78-0AB2-44D1-A143-CC8253C34CA3}.Release|Any CPU.ActiveCfg = Release|Any CPU
		{476F6E78-0AB2-44D1-A143-CC8253C34CA3}.Release|Any CPU.Build.0 = Release|Any CPU
		{2C4CD129-F73A-4908-8E4B-D069AB177785}.Debug|Any CPU.ActiveCfg = Debug|Any CPU
		{2C4CD129-F73A-4908-8E4B-D069AB177785}.Debug|Any CPU.Build.0 = Debug|Any CPU
		{2C4CD129-F73A-4908-8E4B-D069AB177785}.Release|Any CPU.ActiveCfg = Release|Any CPU
		{2C4CD129-F73A-4908-8E4B-D069AB177785}.Release|Any CPU.Build.0 = Release|Any CPU
		{26F532D0-2661-4DFD-A3A0-704754073508}.Debug|Any CPU.ActiveCfg = Debug|Any CPU
		{26F532D0-2661-4DFD-A3A0-704754073508}.Debug|Any CPU.Build.0 = Debug|Any CPU
		{26F532D0-2661-4DFD-A3A0-704754073508}.Release|Any CPU.ActiveCfg = Release|Any CPU
		{26F532D0-2661-4DFD-A3A0-704754073508}.Release|Any CPU.Build.0 = Release|Any CPU
	EndGlobalSection
	GlobalSection(SolutionProperties) = preSolution
		HideSolutionNode = FALSE
	EndGlobalSection
	GlobalSection(NestedProjects) = preSolution
		{476F6E78-0AB2-44D1-A143-CC8253C34CA3} = {D1044167-405B-4D7B-8B91-50062F038423}
		{2C4CD129-F73A-4908-8E4B-D069AB177785} = {D1044167-405B-4D7B-8B91-50062F038423}
	EndGlobalSection
	GlobalSection(ExtensibilityGlobals) = postSolution
		SolutionGuid = {053D62AF-D4C8-4D3A-9D55-D1D5B43181F5}
	EndGlobalSection
EndGlobal
